
Microsoft Visual Studio Solution File, Format Version 12.00
# Visual Studio Version 17
VisualStudioVersion = 17.1.32421.90
MinimumVisualStudioVersion = 10.0.40219.1
Project("{FAE04EC0-301F-11D3-BF4B-00C04F79EFBC}") = "EnricaPittauWeek5", "EnricaPittauWeek5\EnricaPittauWeek5.csproj", "{FBE82D33-EABE-4DC1-A560-1087EB28C56B}"
EndProject
Global
	GlobalSection(SolutionConfigurationPlatforms) = preSolution
		Debug|Any CPU = Debug|Any CPU
		Release|Any CPU = Release|Any CPU
	EndGlobalSection
	GlobalSection(ProjectConfigurationPlatforms) = postSolution
		{FBE82D33-EABE-4DC1-A560-1087EB28C56B}.Debug|Any CPU.ActiveCfg = Debug|Any CPU
		{FBE82D33-EABE-4DC1-A560-1087EB28C56B}.Debug|Any CPU.Build.0 = Debug|Any CPU
		{FBE82D33-EABE-4DC1-A560-1087EB28C56B}.Release|Any CPU.ActiveCfg = Release|Any CPU
		{FBE82D33-EABE-4DC1-A560-1087EB28C56B}.Release|Any CPU.Build.0 = Release|Any CPU
	EndGlobalSection
	GlobalSection(SolutionProperties) = preSolution
		HideSolutionNode = FALSE
	EndGlobalSection
	GlobalSection(ExtensibilityGlobals) = postSolution
		SolutionGuid = {E2454C97-3037-4DBB-8393-BDC0A2D1C1C4}
	EndGlobalSection
EndGlobal
